// !$*UTF8*$!
{
	archiveVersion = 1;
	classes = {
	};
	objectVersion = 50;
	objects = {

/* Begin PBXBuildFile section */
		2158D30BAD623D6945370C5A /* Pods_DIDemo2.framework in Frameworks */ = {isa = PBXBuildFile; fileRef = 5AA5C986EE2FA3D34B6D4840 /* Pods_DIDemo2.framework */; };
		94D7FB132518EFE600DA21F9 /* AppDelegate.swift in Sources */ = {isa = PBXBuildFile; fileRef = 94D7FB122518EFE600DA21F9 /* AppDelegate.swift */; };
		94D7FB152518EFE600DA21F9 /* SceneDelegate.swift in Sources */ = {isa = PBXBuildFile; fileRef = 94D7FB142518EFE600DA21F9 /* SceneDelegate.swift */; };
		94D7FB172518EFE600DA21F9 /* ViewController.swift in Sources */ = {isa = PBXBuildFile; fileRef = 94D7FB162518EFE600DA21F9 /* ViewController.swift */; };
		94D7FB1A2518EFE600DA21F9 /* Main.storyboard in Resources */ = {isa = PBXBuildFile; fileRef = 94D7FB182518EFE600DA21F9 /* Main.storyboard */; };
		94D7FB1C2518EFE700DA21F9 /* Assets.xcassets in Resources */ = {isa = PBXBuildFile; fileRef = 94D7FB1B2518EFE700DA21F9 /* Assets.xcassets */; };
		94D7FB1F2518EFE700DA21F9 /* LaunchScreen.storyboard in Resources */ = {isa = PBXBuildFile; fileRef = 94D7FB1D2518EFE700DA21F9 /* LaunchScreen.storyboard */; };
		94D7FB2A2518EFE700DA21F9 /* DIDemo2Tests.swift in Sources */ = {isa = PBXBuildFile; fileRef = 94D7FB292518EFE700DA21F9 /* DIDemo2Tests.swift */; };
		EF1C97168874B5B263384F00 /* Pods_DIDemo2Tests.framework in Frameworks */ = {isa = PBXBuildFile; fileRef = 5622CDBDCC414FB0E6C13241 /* Pods_DIDemo2Tests.framework */; };
/* End PBXBuildFile section */

/* Begin PBXContainerItemProxy section */
		94D7FB262518EFE700DA21F9 /* PBXContainerItemProxy */ = {
			isa = PBXContainerItemProxy;
			containerPortal = 94D7FB072518EFE600DA21F9 /* Project object */;
			proxyType = 1;
			remoteGlobalIDString = 94D7FB0E2518EFE600DA21F9;
			remoteInfo = DIDemo2;
		};
/* End PBXContainerItemProxy section */

/* Begin PBXFileReference section */
		1936879F0DF3FFA3BD6C9E15 /* Pods-DIDemo2.debug.xcconfig */ = {isa = PBXFileReference; includeInIndex = 1; lastKnownFileType = text.xcconfig; name = "Pods-DIDemo2.debug.xcconfig"; path = "Target Support Files/Pods-DIDemo2/Pods-DIDemo2.debug.xcconfig"; sourceTree = "<group>"; };
		25723DEE3228A57F63FDF302 /* Pods-DIDemo2Tests.debug.xcconfig */ = {isa = PBXFileReference; includeInIndex = 1; lastKnownFileType = text.xcconfig; name = "Pods-DIDemo2Tests.debug.xcconfig"; path = "Target Support Files/Pods-DIDemo2Tests/Pods-DIDemo2Tests.debug.xcconfig"; sourceTree = "<group>"; };
		3E564E787933F4A3CB28E55A /* Pods-DIDemo2.release.xcconfig */ = {isa = PBXFileReference; includeInIndex = 1; lastKnownFileType = text.xcconfig; name = "Pods-DIDemo2.release.xcconfig"; path = "Target Support Files/Pods-DIDemo2/Pods-DIDemo2.release.xcconfig"; sourceTree = "<group>"; };
		5622CDBDCC414FB0E6C13241 /* Pods_DIDemo2Tests.framework */ = {isa = PBXFileReference; explicitFileType = wrapper.framework; includeInIndex = 0; path = Pods_DIDemo2Tests.framework; sourceTree = BUILT_PRODUCTS_DIR; };
		5AA5C986EE2FA3D34B6D4840 /* Pods_DIDemo2.framework */ = {isa = PBXFileReference; explicitFileType = wrapper.framework; includeInIndex = 0; path = Pods_DIDemo2.framework; sourceTree = BUILT_PRODUCTS_DIR; };
		94D7FB0F2518EFE600DA21F9 /* DIDemo2.app */ = {isa = PBXFileReference; explicitFileType = wrapper.application; includeInIndex = 0; path = DIDemo2.app; sourceTree = BUILT_PRODUCTS_DIR; };
		94D7FB122518EFE600DA21F9 /* AppDelegate.swift */ = {isa = PBXFileReference; lastKnownFileType = sourcecode.swift; path = AppDelegate.swift; sourceTree = "<group>"; };
		94D7FB142518EFE600DA21F9 /* SceneDelegate.swift */ = {isa = PBXFileReference; lastKnownFileType = sourcecode.swift; path = SceneDelegate.swift; sourceTree = "<group>"; };
		94D7FB162518EFE600DA21F9 /* ViewController.swift */ = {isa = PBXFileReference; lastKnownFileType = sourcecode.swift; path = ViewController.swift; sourceTree = "<group>"; };
		94D7FB192518EFE600DA21F9 /* Base */ = {isa = PBXFileReference; lastKnownFileType = file.storyboard; name = Base; path = Base.lproj/Main.storyboard; sourceTree = "<group>"; };
		94D7FB1B2518EFE700DA21F9 /* Assets.xcassets */ = {isa = PBXFileReference; lastKnownFileType = folder.assetcatalog; path = Assets.xcassets; sourceTree = "<group>"; };
		94D7FB1E2518EFE700DA21F9 /* Base */ = {isa = PBXFileReference; lastKnownFileType = file.storyboard; name = Base; path = Base.lproj/LaunchScreen.storyboard; sourceTree = "<group>"; };
		94D7FB202518EFE700DA21F9 /* Info.plist */ = {isa = PBXFileReference; lastKnownFileType = text.plist.xml; path = Info.plist; sourceTree = "<group>"; };
		94D7FB252518EFE700DA21F9 /* DIDemo2Tests.xctest */ = {isa = PBXFileReference; explicitFileType = wrapper.cfbundle; includeInIndex = 0; path = DIDemo2Tests.xctest; sourceTree = BUILT_PRODUCTS_DIR; };
		94D7FB292518EFE700DA21F9 /* DIDemo2Tests.swift */ = {isa = PBXFileReference; lastKnownFileType = sourcecode.swift; path = DIDemo2Tests.swift; sourceTree = "<group>"; };
		94D7FB2B2518EFE700DA21F9 /* Info.plist */ = {isa = PBXFileReference; lastKnownFileType = text.plist.xml; path = Info.plist; sourceTree = "<group>"; };
		C24A04304548F64D21631914 /* Pods-DIDemo2Tests.release.xcconfig */ = {isa = PBXFileReference; includeInIndex = 1; lastKnownFileType = text.xcconfig; name = "Pods-DIDemo2Tests.release.xcconfig"; path = "Target Support Files/Pods-DIDemo2Tests/Pods-DIDemo2Tests.release.xcconfig"; sourceTree = "<group>"; };
/* End PBXFileReference section */

/* Begin PBXFrameworksBuildPhase section */
		94D7FB0C2518EFE600DA21F9 /* Frameworks */ = {
			isa = PBXFrameworksBuildPhase;
			buildActionMask = 2147483647;
			files = (
				2158D30BAD623D6945370C5A /* Pods_DIDemo2.framework in Frameworks */,
			);
			runOnlyForDeploymentPostprocessing = 0;
		};
		94D7FB222518EFE700DA21F9 /* Frameworks */ = {
			isa = PBXFrameworksBuildPhase;
			buildActionMask = 2147483647;
			files = (
				EF1C97168874B5B263384F00 /* Pods_DIDemo2Tests.framework in Frameworks */,
			);
			runOnlyForDeploymentPostprocessing = 0;
		};
/* End PBXFrameworksBuildPhase section */

/* Begin PBXGroup section */
		175AED4A0634F46EF4290921 /* Frameworks */ = {
			isa = PBXGroup;
			children = (
				5AA5C986EE2FA3D34B6D4840 /* Pods_DIDemo2.framework */,
				5622CDBDCC414FB0E6C13241 /* Pods_DIDemo2Tests.framework */,
			);
			name = Frameworks;
			sourceTree = "<group>";
		};
		40CD1A001F792445703F27DF /* Pods */ = {
			isa = PBXGroup;
			children = (
				1936879F0DF3FFA3BD6C9E15 /* Pods-DIDemo2.debug.xcconfig */,
				3E564E787933F4A3CB28E55A /* Pods-DIDemo2.release.xcconfig */,
				25723DEE3228A57F63FDF302 /* Pods-DIDemo2Tests.debug.xcconfig */,
				C24A04304548F64D21631914 /* Pods-DIDemo2Tests.release.xcconfig */,
			);
			name = Pods;
			path = Pods;
			sourceTree = "<group>";
		};
		94D7FB062518EFE600DA21F9 = {
			isa = PBXGroup;
			children = (
				94D7FB112518EFE600DA21F9 /* DIDemo2 */,
				94D7FB282518EFE700DA21F9 /* DIDemo2Tests */,
				94D7FB102518EFE600DA21F9 /* Products */,
				40CD1A001F792445703F27DF /* Pods */,
				175AED4A0634F46EF4290921 /* Frameworks */,
			);
			sourceTree = "<group>";
		};
		94D7FB102518EFE600DA21F9 /* Products */ = {
			isa = PBXGroup;
			children = (
				94D7FB0F2518EFE600DA21F9 /* DIDemo2.app */,
				94D7FB252518EFE700DA21F9 /* DIDemo2Tests.xctest */,
			);
			name = Products;
			sourceTree = "<group>";
		};
		94D7FB112518EFE600DA21F9 /* DIDemo2 */ = {
			isa = PBXGroup;
			children = (
				94D7FB122518EFE600DA21F9 /* AppDelegate.swift */,
				94D7FB142518EFE600DA21F9 /* SceneDelegate.swift */,
				94D7FB162518EFE600DA21F9 /* ViewController.swift */,
				94D7FB182518EFE600DA21F9 /* Main.storyboard */,
				94D7FB1B2518EFE700DA21F9 /* Assets.xcassets */,
				94D7FB1D2518EFE700DA21F9 /* LaunchScreen.storyboard */,
				94D7FB202518EFE700DA21F9 /* Info.plist */,
			);
			path = DIDemo2;
			sourceTree = "<group>";
		};
		94D7FB282518EFE700DA21F9 /* DIDemo2Tests */ = {
			isa = PBXGroup;
			children = (
				94D7FB292518EFE700DA21F9 /* DIDemo2Tests.swift */,
				94D7FB2B2518EFE700DA21F9 /* Info.plist */,
			);
			path = DIDemo2Tests;
			sourceTree = "<group>";
		};
/* End PBXGroup section */

/* Begin PBXNativeTarget section */
		94D7FB0E2518EFE600DA21F9 /* DIDemo2 */ = {
			isa = PBXNativeTarget;
			buildConfigurationList = 94D7FB2E2518EFE700DA21F9 /* Build configuration list for PBXNativeTarget "DIDemo2" */;
			buildPhases = (
				A964EF6DC505FF705F7BE2EA /* [CP] Check Pods Manifest.lock */,
				94D7FB0B2518EFE600DA21F9 /* Sources */,
				94D7FB0C2518EFE600DA21F9 /* Frameworks */,
				94D7FB0D2518EFE600DA21F9 /* Resources */,
				76C4EE237D473694C65A7F7A /* [CP] Embed Pods Frameworks */,
			);
			buildRules = (
			);
			dependencies = (
			);
			name = DIDemo2;
			productName = DIDemo2;
			productReference = 94D7FB0F2518EFE600DA21F9 /* DIDemo2.app */;
			productType = "com.apple.product-type.application";
		};
		94D7FB242518EFE700DA21F9 /* DIDemo2Tests */ = {
			isa = PBXNativeTarget;
			buildConfigurationList = 94D7FB312518EFE700DA21F9 /* Build configuration list for PBXNativeTarget "DIDemo2Tests" */;
			buildPhases = (
				F30C8865938992C6EB111BD3 /* [CP] Check Pods Manifest.lock */,
				94D7FB212518EFE700DA21F9 /* Sources */,
				94D7FB222518EFE700DA21F9 /* Frameworks */,
				94D7FB232518EFE700DA21F9 /* Resources */,
			);
			buildRules = (
			);
			dependencies = (
				94D7FB272518EFE700DA21F9 /* PBXTargetDependency */,
			);
			name = DIDemo2Tests;
			productName = DIDemo2Tests;
			productReference = 94D7FB252518EFE700DA21F9 /* DIDemo2Tests.xctest */;
			productType = "com.apple.product-type.bundle.unit-test";
		};
/* End PBXNativeTarget section */

/* Begin PBXProject section */
		94D7FB072518EFE600DA21F9 /* Project object */ = {
			isa = PBXProject;
			attributes = {
				LastSwiftUpdateCheck = 1130;
				LastUpgradeCheck = 1130;
				ORGANIZATIONNAME = Learning;
				TargetAttributes = {
					94D7FB0E2518EFE600DA21F9 = {
						CreatedOnToolsVersion = 11.3.1;
					};
					94D7FB242518EFE700DA21F9 = {
						CreatedOnToolsVersion = 11.3.1;
						TestTargetID = 94D7FB0E2518EFE600DA21F9;
					};
				};
			};
			buildConfigurationList = 94D7FB0A2518EFE600DA21F9 /* Build configuration list for PBXProject "DIDemo2" */;
			compatibilityVersion = "Xcode 9.3";
			developmentRegion = en;
			hasScannedForEncodings = 0;
			knownRegions = (
				en,
				Base,
			);
			mainGroup = 94D7FB062518EFE600DA21F9;
			productRefGroup = 94D7FB102518EFE600DA21F9 /* Products */;
			projectDirPath = "";
			projectRoot = "";
			targets = (
				94D7FB0E2518EFE600DA21F9 /* DIDemo2 */,
				94D7FB242518EFE700DA21F9 /* DIDemo2Tests */,
			);
		};
/* End PBXProject section */

/* Begin PBXResourcesBuildPhase section */
		94D7FB0D2518EFE600DA21F9 /* Resources */ = {
			isa = PBXResourcesBuildPhase;
			buildActionMask = 2147483647;
			files = (
				94D7FB1F2518EFE700DA21F9 /* LaunchScreen.storyboard in Resources */,
				94D7FB1C2518EFE700DA21F9 /* Assets.xcassets in Resources */,
				94D7FB1A2518EFE600DA21F9 /* Main.storyboard in Resources */,
			);
			runOnlyForDeploymentPostprocessing = 0;
		};
		94D7FB232518EFE700DA21F9 /* Resources */ = {
			isa = PBXResourcesBuildPhase;
			buildActionMask = 2147483647;
			files = (
			);
			runOnlyForDeploymentPostprocessing = 0;
		};
/* End PBXResourcesBuildPhase section */

/* Begin PBXShellScriptBuildPhase section */
		76C4EE237D473694C65A7F7A /* [CP] Embed Pods Frameworks */ = {
			isa = PBXShellScriptBuildPhase;
			buildActionMask = 2147483647;
			files = (
			);
			inputFileListPaths = (
				"${PODS_ROOT}/Target Support Files/Pods-DIDemo2/Pods-DIDemo2-frameworks-${CONFIGURATION}-input-files.xcfilelist",
			);
			name = "[CP] Embed Pods Frameworks";
			outputFileListPaths = (
				"${PODS_ROOT}/Target Support Files/Pods-DIDemo2/Pods-DIDemo2-frameworks-${CONFIGURATION}-output-files.xcfilelist",
			);
			runOnlyForDeploymentPostprocessing = 0;
			shellPath = /bin/sh;
			shellScript = "\"${PODS_ROOT}/Target Support Files/Pods-DIDemo2/Pods-DIDemo2-frameworks.sh\"\n";
			showEnvVarsInLog = 0;
		};
		A964EF6DC505FF705F7BE2EA /* [CP] Check Pods Manifest.lock */ = {
			isa = PBXShellScriptBuildPhase;
			buildActionMask = 2147483647;
			files = (
			);
			inputFileListPaths = (
			);
			inputPaths = (
				"${PODS_PODFILE_DIR_PATH}/Podfile.lock",
				"${PODS_ROOT}/Manifest.lock",
			);
			name = "[CP] Check Pods Manifest.lock";
			outputFileListPaths = (
			);
			outputPaths = (
				"$(DERIVED_FILE_DIR)/Pods-DIDemo2-checkManifestLockResult.txt",
			);
			runOnlyForDeploymentPostprocessing = 0;
			shellPath = /bin/sh;
			shellScript = "diff \"${PODS_PODFILE_DIR_PATH}/Podfile.lock\" \"${PODS_ROOT}/Manifest.lock\" > /dev/null\nif [ $? != 0 ] ; then\n    # print error to STDERR\n    echo \"error: The sandbox is not in sync with the Podfile.lock. Run 'pod install' or update your CocoaPods installation.\" >&2\n    exit 1\nfi\n# This output is used by Xcode 'outputs' to avoid re-running this script phase.\necho \"SUCCESS\" > \"${SCRIPT_OUTPUT_FILE_0}\"\n";
			showEnvVarsInLog = 0;
		};
		F30C8865938992C6EB111BD3 /* [CP] Check Pods Manifest.lock */ = {
			isa = PBXShellScriptBuildPhase;
			buildActionMask = 2147483647;
			files = (
			);
			inputFileListPaths = (
			);
			inputPaths = (
				"${PODS_PODFILE_DIR_PATH}/Podfile.lock",
				"${PODS_ROOT}/Manifest.lock",
			);
			name = "[CP] Check Pods Manifest.lock";
			outputFileListPaths = (
			);
			outputPaths = (
				"$(DERIVED_FILE_DIR)/Pods-DIDemo2Tests-checkManifestLockResult.txt",
			);
			runOnlyForDeploymentPostprocessing = 0;
			shellPath = /bin/sh;
			shellScript = "diff \"${PODS_PODFILE_DIR_PATH}/Podfile.lock\" \"${PODS_ROOT}/Manifest.lock\" > /dev/null\nif [ $? != 0 ] ; then\n    # print error to STDERR\n    echo \"error: The sandbox is not in sync with the Podfile.lock. Run 'pod install' or update your CocoaPods installation.\" >&2\n    exit 1\nfi\n# This output is used by Xcode 'outputs' to avoid re-running this script phase.\necho \"SUCCESS\" > \"${SCRIPT_OUTPUT_FILE_0}\"\n";
			showEnvVarsInLog = 0;
		};
/* End PBXShellScriptBuildPhase section */

/* Begin PBXSourcesBuildPhase section */
		94D7FB0B2518EFE600DA21F9 /* Sources */ = {
			isa = PBXSourcesBuildPhase;
			buildActionMask = 2147483647;
			files = (
				94D7FB172518EFE600DA21F9 /* ViewController.swift in Sources */,
				94D7FB132518EFE600DA21F9 /* AppDelegate.swift in Sources */,
				94D7FB152518EFE600DA21F9 /* SceneDelegate.swift in Sources */,
			);
			runOnlyForDeploymentPostprocessing = 0;
		};
		94D7FB212518EFE700DA21F9 /* Sources */ = {
			isa = PBXSourcesBuildPhase;
			buildActionMask = 2147483647;
			files = (
				94D7FB2A2518EFE700DA21F9 /* DIDemo2Tests.swift in Sources */,
			);
			runOnlyForDeploymentPostprocessing = 0;
		};
/* End PBXSourcesBuildPhase section */

/* Begin PBXTargetDependency section */
		94D7FB272518EFE700DA21F9 /* PBXTargetDependency */ = {
			isa = PBXTargetDependency;
			target = 94D7FB0E2518EFE600DA21F9 /* DIDemo2 */;
			targetProxy = 94D7FB262518EFE700DA21F9 /* PBXContainerItemProxy */;
		};
/* End PBXTargetDependency section */

/* Begin PBXVariantGroup section */
		94D7FB182518EFE600DA21F9 /* Main.storyboard */ = {
			isa = PBXVariantGroup;
			children = (
				94D7FB192518EFE600DA21F9 /* Base */,
			);
			name = Main.storyboard;
			sourceTree = "<group>";
		};
		94D7FB1D2518EFE700DA21F9 /* LaunchScreen.storyboard */ = {
			isa = PBXVariantGroup;
			children = (
				94D7FB1E2518EFE700DA21F9 /* Base */,
			);
			name = LaunchScreen.storyboard;
			sourceTree = "<group>";
		};
/* End PBXVariantGroup section */

/* Begin XCBuildConfiguration section */
		94D7FB2C2518EFE700DA21F9 /* Debug */ = {
			isa = XCBuildConfiguration;
			buildSettings = {
				ALWAYS_SEARCH_USER_PATHS = NO;
				CLANG_ANALYZER_NONNULL = YES;
				CLANG_ANALYZER_NUMBER_OBJECT_CONVERSION = YES_AGGRESSIVE;
				CLANG_CXX_LANGUAGE_STANDARD = "gnu++14";
				CLANG_CXX_LIBRARY = "libc++";
				CLANG_ENABLE_MODULES = YES;
				CLANG_ENABLE_OBJC_ARC = YES;
				CLANG_ENABLE_OBJC_WEAK = YES;
				CLANG_WARN_BLOCK_CAPTURE_AUTORELEASING = YES;
				CLANG_WARN_BOOL_CONVERSION = YES;
				CLANG_WARN_COMMA = YES;
				CLANG_WARN_CONSTANT_CONVERSION = YES;
				CLANG_WARN_DEPRECATED_OBJC_IMPLEMENTATIONS = YES;
				CLANG_WARN_DIRECT_OBJC_ISA_USAGE = YES_ERROR;
				CLANG_WARN_DOCUMENTATION_COMMENTS = YES;
				CLANG_WARN_EMPTY_BODY = YES;
				CLANG_WARN_ENUM_CONVERSION = YES;
				CLANG_WARN_INFINITE_RECURSION = YES;
				CLANG_WARN_INT_CONVERSION = YES;
				CLANG_WARN_NON_LITERAL_NULL_CONVERSION = YES;
				CLANG_WARN_OBJC_IMPLICIT_RETAIN_SELF = YES;
				CLANG_WARN_OBJC_LITERAL_CONVERSION = YES;
				CLANG_WARN_OBJC_ROOT_CLASS = YES_ERROR;
				CLANG_WARN_RANGE_LOOP_ANALYSIS = YES;
				CLANG_WARN_STRICT_PROTOTYPES = YES;
				CLANG_WARN_SUSPICIOUS_MOVE = YES;
				CLANG_WARN_UNGUARDED_AVAILABILITY = YES_AGGRESSIVE;
				CLANG_WARN_UNREACHABLE_CODE = YES;
				CLANG_WARN__DUPLICATE_METHOD_MATCH = YES;
				COPY_PHASE_STRIP = NO;
				DEBUG_INFORMATION_FORMAT = dwarf;
				ENABLE_STRICT_OBJC_MSGSEND = YES;
				ENABLE_TESTABILITY = YES;
				GCC_C_LANGUAGE_STANDARD = gnu11;
				GCC_DYNAMIC_NO_PIC = NO;
				GCC_NO_COMMON_BLOCKS = YES;
				GCC_OPTIMIZATION_LEVEL = 0;
				GCC_PREPROCESSOR_DEFINITIONS = (
					"DEBUG=1",
					"$(inherited)",
				);
				GCC_WARN_64_TO_32_BIT_CONVERSION = YES;
				GCC_WARN_ABOUT_RETURN_TYPE = YES_ERROR;
				GCC_WARN_UNDECLARED_SELECTOR = YES;
				GCC_WARN_UNINITIALIZED_AUTOS = YES_AGGRESSIVE;
				GCC_WARN_UNUSED_FUNCTION = YES;
				GCC_WARN_UNUSED_VARIABLE = YES;
				IPHONEOS_DEPLOYMENT_TARGET = 13.2;
				MTL_ENABLE_DEBUG_INFO = INCLUDE_SOURCE;
				MTL_FAST_MATH = YES;
				ONLY_ACTIVE_ARCH = YES;
				SDKROOT = iphoneos;
				SWIFT_ACTIVE_COMPILATION_CONDITIONS = DEBUG;
				SWIFT_OPTIMIZATION_LEVEL = "-Onone";
			};
			name = Debug;
		};
		94D7FB2D2518EFE700DA21F9 /* Release */ = {
			isa = XCBuildConfiguration;
			buildSettings = {
				ALWAYS_SEARCH_USER_PATHS = NO;
				CLANG_ANALYZER_NONNULL = YES;
				CLANG_ANALYZER_NUMBER_OBJECT_CONVERSION = YES_AGGRESSIVE;
				CLANG_CXX_LANGUAGE_STANDARD = "gnu++14";
				CLANG_CXX_LIBRARY = "libc++";
				CLANG_ENABLE_MODULES = YES;
				CLANG_ENABLE_OBJC_ARC = YES;
				CLANG_ENABLE_OBJC_WEAK = YES;
				CLANG_WARN_BLOCK_CAPTURE_AUTORELEASING = YES;
				CLANG_WARN_BOOL_CONVERSION = YES;
				CLANG_WARN_COMMA = YES;
				CLANG_WARN_CONSTANT_CONVERSION = YES;
				CLANG_WARN_DEPRECATED_OBJC_IMPLEMENTATIONS = YES;
				CLANG_WARN_DIRECT_OBJC_ISA_USAGE = YES_ERROR;
				CLANG_WARN_DOCUMENTATION_COMMENTS = YES;
				CLANG_WARN_EMPTY_BODY = YES;
				CLANG_WARN_ENUM_CONVERSION = YES;
				CLANG_WARN_INFINITE_RECURSION = YES;
				CLANG_WARN_INT_CONVERSION = YES;
				CLANG_WARN_NON_LITERAL_NULL_CONVERSION = YES;
				CLANG_WARN_OBJC_IMPLICIT_RETAIN_SELF = YES;
				CLANG_WARN_OBJC_LITERAL_CONVERSION = YES;
				CLANG_WARN_OBJC_ROOT_CLASS = YES_ERROR;
				CLANG_WARN_RANGE_LOOP_ANALYSIS = YES;
				CLANG_WARN_STRICT_PROTOTYPES = YES;
				CLANG_WARN_SUSPICIOUS_MOVE = YES;
				CLANG_WARN_UNGUARDED_AVAILABILITY = YES_AGGRESSIVE;
				CLANG_WARN_UNREACHABLE_CODE = YES;
				CLANG_WARN__DUPLICATE_METHOD_MATCH = YES;
				COPY_PHASE_STRIP = NO;
				DEBUG_INFORMATION_FORMAT = "dwarf-with-dsym";
				ENABLE_NS_ASSERTIONS = NO;
				ENABLE_STRICT_OBJC_MSGSEND = YES;
				GCC_C_LANGUAGE_STANDARD = gnu11;
				GCC_NO_COMMON_BLOCKS = YES;
				GCC_WARN_64_TO_32_BIT_CONVERSION = YES;
				GCC_WARN_ABOUT_RETURN_TYPE = YES_ERROR;
				GCC_WARN_UNDECLARED_SELECTOR = YES;
				GCC_WARN_UNINITIALIZED_AUTOS = YES_AGGRESSIVE;
				GCC_WARN_UNUSED_FUNCTION = YES;
				GCC_WARN_UNUSED_VARIABLE = YES;
				IPHONEOS_DEPLOYMENT_TARGET = 13.2;
				MTL_ENABLE_DEBUG_INFO = NO;
				MTL_FAST_MATH = YES;
				SDKROOT = iphoneos;
				SWIFT_COMPILATION_MODE = wholemodule;
				SWIFT_OPTIMIZATION_LEVEL = "-O";
				VALIDATE_PRODUCT = YES;
			};
			name = Release;
		};
		94D7FB2F2518EFE700DA21F9 /* Debug */ = {
			isa = XCBuildConfiguration;
			baseConfigurationReference = 1936879F0DF3FFA3BD6C9E15 /* Pods-DIDemo2.debug.xcconfig */;
			buildSettings = {
				ASSETCATALOG_COMPILER_APPICON_NAME = AppIcon;
				CODE_SIGN_STYLE = Automatic;
				DEVELOPMENT_TEAM = TGMD963KYP;
				INFOPLIST_FILE = DIDemo2/Info.plist;
				LD_RUNPATH_SEARCH_PATHS = (
					"$(inherited)",
					"@executable_path/Frameworks",
				);
				PRODUCT_BUNDLE_IDENTIFIER = Learning.DIDemo2;
				PRODUCT_NAME = "$(TARGET_NAME)";
				SWIFT_VERSION = 5.0;
				TARGETED_DEVICE_FAMILY = "1,2";
			};
			name = Debug;
		};
		94D7FB302518EFE700DA21F9 /* Release */ = {
			isa = XCBuildConfiguration;
			baseConfigurationReference = 3E564E787933F4A3CB28E55A /* Pods-DIDemo2.release.xcconfig */;
			buildSettings = {
				ASSETCATALOG_COMPILER_APPICON_NAME = AppIcon;
				CODE_SIGN_STYLE = Automatic;
				DEVELOPMENT_TEAM = TGMD963KYP;
				INFOPLIST_FILE = DIDemo2/Info.plist;
				LD_RUNPATH_SEARCH_PATHS = (
					"$(inherited)",
					"@executable_path/Frameworks",
				);
				PRODUCT_BUNDLE_IDENTIFIER = Learning.DIDemo2;
				PRODUCT_NAME = "$(TARGET_NAME)";
				SWIFT_VERSION = 5.0;
				TARGETED_DEVICE_FAMILY = "1,2";
			};
			name = Release;
		};
		94D7FB322518EFE700DA21F9 /* Debug */ = {
			isa = XCBuildConfiguration;
			baseConfigurationReference = 25723DEE3228A57F63FDF302 /* Pods-DIDemo2Tests.debug.xcconfig */;
			buildSettings = {
				ALWAYS_EMBED_SWIFT_STANDARD_LIBRARIES = YES;
				BUNDLE_LOADER = "$(TEST_HOST)";
				CODE_SIGN_STYLE = Automatic;
				DEVELOPMENT_TEAM = TGMD963KYP;
				INFOPLIST_FILE = DIDemo2Tests/Info.plist;
				IPHONEOS_DEPLOYMENT_TARGET = 13.2;
				LD_RUNPATH_SEARCH_PATHS = (
					"$(inherited)",
					"@executable_path/Frameworks",
					"@loader_path/Frameworks",
				);
				PRODUCT_BUNDLE_IDENTIFIER = Learning.DIDemo2Tests;
				PRODUCT_NAME = "$(TARGET_NAME)";
				SWIFT_VERSION = 5.0;
				TARGETED_DEVICE_FAMILY = "1,2";
				TEST_HOST = "$(BUILT_PRODUCTS_DIR)/DIDemo2.app/DIDemo2";
			};
			name = Debug;
		};
		94D7FB332518EFE700DA21F9 /* Release */ = {
			isa = XCBuildConfiguration;
			baseConfigurationReference = C24A04304548F64D21631914 /* Pods-DIDemo2Tests.release.xcconfig */;
			buildSettings = {
				ALWAYS_EMBED_SWIFT_STANDARD_LIBRARIES = YES;
				BUNDLE_LOADER = "$(TEST_HOST)";
				CODE_SIGN_STYLE = Automatic;
				DEVELOPMENT_TEAM = TGMD963KYP;
				INFOPLIST_FILE = DIDemo2Tests/Info.plist;
				IPHONEOS_DEPLOYMENT_TARGET = 13.2;
				LD_RUNPATH_SEARCH_PATHS = (
					"$(inherited)",
					"@executable_path/Frameworks",
					"@loader_path/Frameworks",
				);
				PRODUCT_BUNDLE_IDENTIFIER = Learning.DIDemo2Tests;
				PRODUCT_NAME = "$(TARGET_NAME)";
				SWIFT_VERSION = 5.0;
				TARGETED_DEVICE_FAMILY = "1,2";
				TEST_HOST = "$(BUILT_PRODUCTS_DIR)/DIDemo2.app/DIDemo2";
			};
			name = Release;
		};
/* End XCBuildConfiguration section */

/* Begin XCConfigurationList section */
		94D7FB0A2518EFE600DA21F9 /* Build configuration list for PBXProject "DIDemo2" */ = {
			isa = XCConfigurationList;
			buildConfigurations = (
				94D7FB2C2518EFE700DA21F9 /* Debug */,
				94D7FB2D2518EFE700DA21F9 /* Release */,
			);
			defaultConfigurationIsVisible = 0;
			defaultConfigurationName = Release;
		};
		94D7FB2E2518EFE700DA21F9 /* Build configuration list for PBXNativeTarget "DIDemo2" */ = {
			isa = XCConfigurationList;
			buildConfigurations = (
				94D7FB2F2518EFE700DA21F9 /* Debug */,
				94D7FB302518EFE700DA21F9 /* Release */,
			);
			defaultConfigurationIsVisible = 0;
			defaultConfigurationName = Release;
		};
		94D7FB312518EFE700DA21F9 /* Build configuration list for PBXNativeTarget "DIDemo2Tests" */ = {
			isa = XCConfigurationList;
			buildConfigurations = (
				94D7FB322518EFE700DA21F9 /* Debug */,
				94D7FB332518EFE700DA21F9 /* Release */,
			);
			defaultConfigurationIsVisible = 0;
			defaultConfigurationName = Release;
		};
/* End XCConfigurationList section */
	};
	rootObject = 94D7FB072518EFE600DA21F9 /* Project object */;
}
